<?xml version="1.0" encoding="utf-8"?>
<Project ToolsVersion="4.0" xmlns="http://schemas.microsoft.com/developer/msbuild/2003">
  <ItemGroup>
    <Filter Include="Source Files">
      <UniqueIdentifier>{58839be9-a6fb-4945-b8ce-a6464cbd324a}</UniqueIdentifier>
      <Extensions>cpp;c;cxx;rc;def;r;odl;idl;hpj;bat</Extensions>
    </Filter>
    <Filter Include="Header Files">
      <UniqueIdentifier>{b9a2c074-ba17-4722-9735-f7b6e8a1a224}</UniqueIdentifier>
      <Extensions>h;hpp;hxx;hm;inl</Extensions>
    </Filter>
  </ItemGroup>
  <ItemGroup>
    <ClCompile Include="EasyDevice.cpp">
      <Filter>Source Files</Filter>
    </ClCompile>
    <ClCompile Include="EMouse.cpp">
      <Filter>Source Files</Filter>
    </ClCompile>
    <ClCompile Include="ObjectManipulator.cpp">
      <Filter>Source Files</Filter>
    </ClCompile>
  </ItemGroup>
  <ItemGroup>
    <ClInclude Include="BasicTypes.h">
      <Filter>Header Files</Filter>
    </ClInclude>
    <ClInclude Include="EasyDevice.h">
      <Filter>Header Files</Filter>
    </ClInclude>
    <ClInclude Include="EasyDeviceImpl.h">
      <Filter>Header Files</Filter>
    </ClInclude>
    <ClInclude Include="EMouse.h">
      <Filter>Header Files</Filter>
    </ClInclude>
    <ClInclude Include="TemplateArray.h">
      <Filter>Header Files</Filter>
    </ClInclude>
    <ClInclude Include="TemplateQuaternion.h">
      <Filter>Header Files</Filter>
    </ClInclude>
    <ClInclude Include="TemplateVector3.h">
      <Filter>Header Files</Filter>
    </ClInclude>
  </ItemGroup>
</Project>